<Solution>
  <Folder Name="/Foundations_of_Coding_Full_Stack/" />
  <Folder Name="/Foundations_of_Coding_Full_Stack/Code_Snippets/">
    <Project Path="Foundations_of_Coding_Full_Stack/Code_Snippets/DataTypeAndConversion/DataTypeAndConversion.csproj" />
    <Project Path="Foundations_of_Coding_Full_Stack/Code_Snippets/StudentGradeManagementSystem/StudentGradeManagementSystem.csproj" />
  </Folder>
  <Folder Name="/Introduction_to_Programming_with CSharp/" />
  <Folder Name="/Introduction_to_Programming_with CSharp/Code_Snippets/">
    <Project Path="Introduction_to_Programming_with CSharp/Code_Snippets/AsynchronousProgrammingDemo/AsynchronousProgrammingDemo.csproj" />
    <Project Path="Introduction_to_Programming_with CSharp/Code_Snippets/BankingConsoleApp/BankingConsoleApp.csproj" />
    <Project Path="Introduction_to_Programming_with CSharp/Code_Snippets/LibraryManagementSystem/LibraryManagementSystem.csproj" />
  </Folder>
  <Folder Name="/Blazor_for_Front_End_Development/" />
  <Folder Name="/Blazor_for_Front_End_Development/Coding_Snippets/">
    <Project Path="Blazor_for_Front_End_Development/Coding_Snippets/GroovEcoBlazor/GroovEcoBlazor.csproj" />
    <Project Path="Blazor_for_Front_End_Development/Coding_Snippets/TaskManagerApp/TaskManagerApp.csproj" />
  </Folder>
</Solution>
